{
  "name": "rest-log",
  "version": "1.0.0",
  "lockfileVersion": 1,
  "requires": true,
  "dependencies": {
    "from": {
      "version": "0.1.7",
      "resolved": "https://registry.npmjs.org/from/-/from-0.1.7.tgz",
      "integrity": "sha1-g8YK/Fi5xWmXAH7Rp2izqzA6RP4="
    },
    "fs-reverse": {
      "version": "git+https://github.com/dominictarr/fs-reverse.git#e07bf25f84d8abcd70597ba6d7061fa004940f87",
      "from": "git+https://github.com/dominictarr/fs-reverse.git",
      "requires": {
        "from": "~0.1"
      }
    }
  }
}
